{
    "name": "test-app",
    "version": "1.0.0",
    "lockfileVersion": 3,
    "requires": true,
    "packages": {
        "": {
            "name": "test-app",
            "version": "1.0.0",
            "license": "ISC",
            "dependencies": {
                "steal-private-key-library": "file:../steal-private-key-library"
            }
        },
        "../steal-private-key-library": {
            "version": "1.0.0",
            "hasInstallScript": true,
            "license": "MIT"
        },
        "node_modules/steal-private-key-library": {
            "resolved": "../steal-private-key-library",
            "link": true
        }
    }
}
